
Microsoft Visual Studio Solution File, Format Version 12.00
# Visual Studio Version 17
VisualStudioVersion = 17.13.35919.96 d17.13
MinimumVisualStudioVersion = 10.0.40219.1
Project("{FAE04EC0-301F-11D3-BF4B-00C04F79EFBC}") = "ejercicio6", "ejercicio6\ejercicio6.csproj", "{98C20382-0E7A-4F16-9B0B-EC6A0EBED183}"
EndProject
Global
	GlobalSection(SolutionConfigurationPlatforms) = preSolution
		Debug|Any CPU = Debug|Any CPU
		Release|Any CPU = Release|Any CPU
	EndGlobalSection
	GlobalSection(ProjectConfigurationPlatforms) = postSolution
		{98C20382-0E7A-4F16-9B0B-EC6A0EBED183}.Debug|Any CPU.ActiveCfg = Debug|Any CPU
		{98C20382-0E7A-4F16-9B0B-EC6A0EBED183}.Debug|Any CPU.Build.0 = Debug|Any CPU
		{98C20382-0E7A-4F16-9B0B-EC6A0EBED183}.Release|Any CPU.ActiveCfg = Release|Any CPU
		{98C20382-0E7A-4F16-9B0B-EC6A0EBED183}.Release|Any CPU.Build.0 = Release|Any CPU
	EndGlobalSection
	GlobalSection(SolutionProperties) = preSolution
		HideSolutionNode = FALSE
	EndGlobalSection
	GlobalSection(ExtensibilityGlobals) = postSolution
		SolutionGuid = {0037F2EA-8805-467E-9FC2-BF16219489C7}
	EndGlobalSection
EndGlobal
